
Microsoft Visual Studio Solution File, Format Version 12.00
# Visual Studio Version 17
VisualStudioVersion = 17.7.34202.233
MinimumVisualStudioVersion = 10.0.40219.1
Project("{FAE04EC0-301F-11D3-BF4B-00C04F79EFBC}") = "Peniel_IdentityService.Messages", "IdentityService.Messages\Peniel_IdentityService.Messages.csproj", "{238876F3-D55B-46C9-8DF5-2FF9A463980A}"
EndProject
Project("{FAE04EC0-301F-11D3-BF4B-00C04F79EFBC}") = "Peniel_ShipmentService.Messages", "Peniel_ShipmentService.Messages\Peniel_ShipmentService.Messages.csproj", "{4E8CD31D-6761-4BD6-BC46-121BFBBBDBB4}"
EndProject
Global
	GlobalSection(SolutionConfigurationPlatforms) = preSolution
		Debug|Any CPU = Debug|Any CPU
		Release|Any CPU = Release|Any CPU
	EndGlobalSection
	GlobalSection(ProjectConfigurationPlatforms) = postSolution
		{238876F3-D55B-46C9-8DF5-2FF9A463980A}.Debug|Any CPU.ActiveCfg = Debug|Any CPU
		{238876F3-D55B-46C9-8DF5-2FF9A463980A}.Debug|Any CPU.Build.0 = Debug|Any CPU
		{238876F3-D55B-46C9-8DF5-2FF9A463980A}.Release|Any CPU.ActiveCfg = Release|Any CPU
		{238876F3-D55B-46C9-8DF5-2FF9A463980A}.Release|Any CPU.Build.0 = Release|Any CPU
		{4E8CD31D-6761-4BD6-BC46-121BFBBBDBB4}.Debug|Any CPU.ActiveCfg = Debug|Any CPU
		{4E8CD31D-6761-4BD6-BC46-121BFBBBDBB4}.Debug|Any CPU.Build.0 = Debug|Any CPU
		{4E8CD31D-6761-4BD6-BC46-121BFBBBDBB4}.Release|Any CPU.ActiveCfg = Release|Any CPU
		{4E8CD31D-6761-4BD6-BC46-121BFBBBDBB4}.Release|Any CPU.Build.0 = Release|Any CPU
	EndGlobalSection
	GlobalSection(SolutionProperties) = preSolution
		HideSolutionNode = FALSE
	EndGlobalSection
	GlobalSection(ExtensibilityGlobals) = postSolution
		SolutionGuid = {18267FB2-D498-4090-BC65-B117C284EA6E}
	EndGlobalSection
EndGlobal
